
Microsoft Visual Studio Solution File, Format Version 12.00
# Visual Studio Version 17
VisualStudioVersion = 17.2.32505.173
MinimumVisualStudioVersion = 10.0.40219.1
Project("{9A19103F-16F7-4668-BE54-9A1E7A4F7556}") = "CreateDb", "CreateDb\CreateDb.csproj", "{CCD5EC90-C052-45A0-A3DF-10B0E1071595}"
EndProject
Project("{9A19103F-16F7-4668-BE54-9A1E7A4F7556}") = "WhereTheyStand.Lib", "WhereTheyStand.Lib\WhereTheyStand.Lib.csproj", "{86AB40EF-38B8-4C77-83FC-010693095377}"
EndProject
Project("{FAE04EC0-301F-11D3-BF4B-00C04F79EFBC}") = "WhereTheyStand.Wasm", "WhereTheyStand.Wasm\WhereTheyStand.Wasm.csproj", "{C8A259B3-9EB0-422E-A83A-B405EF411A6F}"
EndProject
Global
	GlobalSection(SolutionConfigurationPlatforms) = preSolution
		Debug|Any CPU = Debug|Any CPU
		Release|Any CPU = Release|Any CPU
	EndGlobalSection
	GlobalSection(ProjectConfigurationPlatforms) = postSolution
		{CCD5EC90-C052-45A0-A3DF-10B0E1071595}.Debug|Any CPU.ActiveCfg = Debug|Any CPU
		{CCD5EC90-C052-45A0-A3DF-10B0E1071595}.Debug|Any CPU.Build.0 = Debug|Any CPU
		{CCD5EC90-C052-45A0-A3DF-10B0E1071595}.Release|Any CPU.ActiveCfg = Release|Any CPU
		{CCD5EC90-C052-45A0-A3DF-10B0E1071595}.Release|Any CPU.Build.0 = Release|Any CPU
		{86AB40EF-38B8-4C77-83FC-010693095377}.Debug|Any CPU.ActiveCfg = Debug|Any CPU
		{86AB40EF-38B8-4C77-83FC-010693095377}.Debug|Any CPU.Build.0 = Debug|Any CPU
		{86AB40EF-38B8-4C77-83FC-010693095377}.Release|Any CPU.ActiveCfg = Release|Any CPU
		{86AB40EF-38B8-4C77-83FC-010693095377}.Release|Any CPU.Build.0 = Release|Any CPU
		{C8A259B3-9EB0-422E-A83A-B405EF411A6F}.Debug|Any CPU.ActiveCfg = Debug|Any CPU
		{C8A259B3-9EB0-422E-A83A-B405EF411A6F}.Debug|Any CPU.Build.0 = Debug|Any CPU
		{C8A259B3-9EB0-422E-A83A-B405EF411A6F}.Release|Any CPU.ActiveCfg = Release|Any CPU
		{C8A259B3-9EB0-422E-A83A-B405EF411A6F}.Release|Any CPU.Build.0 = Release|Any CPU
	EndGlobalSection
	GlobalSection(SolutionProperties) = preSolution
		HideSolutionNode = FALSE
	EndGlobalSection
	GlobalSection(ExtensibilityGlobals) = postSolution
		SolutionGuid = {4885504F-3177-44C4-B994-343D14FE94B8}
	EndGlobalSection
EndGlobal
